
Microsoft Visual Studio Solution File, Format Version 12.00
# Visual Studio Version 16
VisualStudioVersion = 16.0.29411.108
MinimumVisualStudioVersion = 10.0.40219.1
Project("{FAE04EC0-301F-11D3-BF4B-00C04F79EFBC}") = "Laba6", "Laba6\Laba6.csproj", "{7F3A95FF-C301-4F48-8776-D1DEE0DDFB26}"
EndProject
Global
	GlobalSection(SolutionConfigurationPlatforms) = preSolution
		Debug|Any CPU = Debug|Any CPU
		Release|Any CPU = Release|Any CPU
	EndGlobalSection
	GlobalSection(ProjectConfigurationPlatforms) = postSolution
		{7F3A95FF-C301-4F48-8776-D1DEE0DDFB26}.Debug|Any CPU.ActiveCfg = Debug|Any CPU
		{7F3A95FF-C301-4F48-8776-D1DEE0DDFB26}.Debug|Any CPU.Build.0 = Debug|Any CPU
		{7F3A95FF-C301-4F48-8776-D1DEE0DDFB26}.Release|Any CPU.ActiveCfg = Release|Any CPU
		{7F3A95FF-C301-4F48-8776-D1DEE0DDFB26}.Release|Any CPU.Build.0 = Release|Any CPU
	EndGlobalSection
	GlobalSection(SolutionProperties) = preSolution
		HideSolutionNode = FALSE
	EndGlobalSection
	GlobalSection(ExtensibilityGlobals) = postSolution
		SolutionGuid = {51ACD0BA-383B-445A-9296-B7F89349E232}
	EndGlobalSection
EndGlobal
